
Microsoft Visual Studio Solution File, Format Version 12.00
# Visual Studio 15
VisualStudioVersion = 15.0.28307.572
MinimumVisualStudioVersion = 10.0.40219.1
Project("{2150E333-8FDC-42A3-9474-1A3956D46DE8}") = "Solution Items", "Solution Items", "{F60BD47E-78E8-4121-B1BB-7C41B6EB6A6A}"
	ProjectSection(SolutionItems) = preProject
		StringSocket.dll = StringSocket.dll
		StringSocket.XML = StringSocket.XML
	EndProjectSection
EndProject
Global
	GlobalSection(SolutionProperties) = preSolution
		HideSolutionNode = FALSE
	EndGlobalSection
	GlobalSection(ExtensibilityGlobals) = postSolution
		SolutionGuid = {29F826D6-112E-45E5-ABD4-6BAC1E4D9532}
	EndGlobalSection
EndGlobal
