
Microsoft Visual Studio Solution File, Format Version 12.00
# Visual Studio 15
VisualStudioVersion = 15.0.28307.271
MinimumVisualStudioVersion = 10.0.40219.1
Project("{FAE04EC0-301F-11D3-BF4B-00C04F79EFBC}") = "PS9", "PS9\PS9.csproj", "{1017E0FA-AB99-472C-8B0C-6BAF55D8976A}"
EndProject
Global
	GlobalSection(SolutionConfigurationPlatforms) = preSolution
		Debug|Any CPU = Debug|Any CPU
		Release|Any CPU = Release|Any CPU
	EndGlobalSection
	GlobalSection(ProjectConfigurationPlatforms) = postSolution
		{1017E0FA-AB99-472C-8B0C-6BAF55D8976A}.Debug|Any CPU.ActiveCfg = Debug|Any CPU
		{1017E0FA-AB99-472C-8B0C-6BAF55D8976A}.Debug|Any CPU.Build.0 = Debug|Any CPU
		{1017E0FA-AB99-472C-8B0C-6BAF55D8976A}.Release|Any CPU.ActiveCfg = Release|Any CPU
		{1017E0FA-AB99-472C-8B0C-6BAF55D8976A}.Release|Any CPU.Build.0 = Release|Any CPU
	EndGlobalSection
	GlobalSection(SolutionProperties) = preSolution
		HideSolutionNode = FALSE
	EndGlobalSection
	GlobalSection(ExtensibilityGlobals) = postSolution
		SolutionGuid = {A199B81E-A9F8-4D84-AED7-AA49FB263930}
	EndGlobalSection
EndGlobal
